
Microsoft Visual Studio Solution File, Format Version 12.00
# Visual Studio Version 16
VisualStudioVersion = 16.0.30330.147
MinimumVisualStudioVersion = 10.0.40219.1
Project("{9A19103F-16F7-4668-BE54-9A1E7A4F7556}") = "ToolkitForTSW", "ToolkitForTSW\ToolkitForTSW.csproj", "{B2FE5230-3D35-49BB-B0EA-A34E54BB983B}"
EndProject
Project("{9A19103F-16F7-4668-BE54-9A1E7A4F7556}") = "Styles.Library", "..\RudolfLibraries\Styles.Library\Styles.Library.csproj", "{CED7837C-ED27-4627-9DD4-B2E8E7556203}"
EndProject
Project("{9A19103F-16F7-4668-BE54-9A1E7A4F7556}") = "Logging.Library", "..\RudolfLibraries\Logging.Library\Logging.Library.csproj", "{87F7DC88-080D-4A2F-A4F5-27BD79F18D3E}"
EndProject
Project("{9A19103F-16F7-4668-BE54-9A1E7A4F7556}") = "SavCracker.Library", "SavCracker.Library\SavCracker.Library.csproj", "{26D4BA07-0182-45DA-B6E2-799E5AF85520}"
EndProject
Project("{2150E333-8FDC-42A3-9474-1A3956D46DE8}") = "Documentation", "Documentation", "{C8F3413C-C3C4-4F5F-AB08-7011DF938231}"
	ProjectSection(SolutionItems) = preProject
		Manual\Drawings manual.pub = Manual\Drawings manual.pub
		Manual\License information.docx = Manual\License information.docx
		Manual\License information.pdf = Manual\License information.pdf
		Manual\ToolkitForTSW Manual.docx = Manual\ToolkitForTSW Manual.docx
		Manual\TSWTools Manual Visio Drawings.vsdx = Manual\TSWTools Manual Visio Drawings.vsdx
	EndProjectSection
EndProject
Project("{2150E333-8FDC-42A3-9474-1A3956D46DE8}") = "Templates", "Templates", "{EC5B65F0-A74A-4AF2-8183-C2A83F819CC6}"
	ProjectSection(SolutionItems) = preProject
		D:\TSWTools\Templates\NiceTemplate.html = D:\TSWTools\Templates\NiceTemplate.html
		D:\TSWTools\Templates\SimpleTemplate.html = D:\TSWTools\Templates\SimpleTemplate.html
	EndProjectSection
EndProject
Project("{2150E333-8FDC-42A3-9474-1A3956D46DE8}") = "Installer", "Installer", "{16B7FFBA-A86C-4DEB-AD87-D4EF9E9804FE}"
	ProjectSection(SolutionItems) = preProject
		Setup\ToolkitForTSW.iss = Setup\ToolkitForTSW.iss
	EndProjectSection
EndProject
Project("{9A19103F-16F7-4668-BE54-9A1E7A4F7556}") = "SQLiteDatabase.Library", "..\RudolfLibraries\SQLiteDatabase.Library\SQLiteDatabase.Library.csproj", "{84ED9EBC-BE74-40F3-AC15-1A2F4AC4A24F}"
EndProject
Project("{9A19103F-16F7-4668-BE54-9A1E7A4F7556}") = "SavCrackerTestApp", "SavCrackerTestApp\SavCrackerTestApp.csproj", "{F20784D2-694C-438B-A765-A14DFB63EB32}"
EndProject
Project("{9A19103F-16F7-4668-BE54-9A1E7A4F7556}") = "Utilities.Library", "..\RudolfLibraries\Utilities.Library\Utilities.Library.csproj", "{8CA047F2-49DD-4AF8-80F4-280F9D3476DF}"
EndProject
Project("{9A19103F-16F7-4668-BE54-9A1E7A4F7556}") = "Filter.Library", "..\RudolfLibraries\Filter.Library\Filter.Library.csproj", "{72C617E5-25B9-466F-BF5B-CFDD926D3F63}"
EndProject
Project("{9A19103F-16F7-4668-BE54-9A1E7A4F7556}") = "Filter.Library.WPF", "..\RudolfLibraries\Filter.Library.WPF\Filter.Library.WPF.csproj", "{2B6DA609-5186-487A-9FD7-63CFEF99B168}"
EndProject
Project("{9A19103F-16F7-4668-BE54-9A1E7A4F7556}") = "Screenshots.Library", "..\RudolfLibraries\Screenshots.Library\Screenshots.Library.csproj", "{6E418E5D-3F8E-4C80-B70A-502A09364748}"
EndProject
Project("{9A19103F-16F7-4668-BE54-9A1E7A4F7556}") = "Screenshots.Library.WPF", "..\RudolfLibraries\Screenshots.Library.WPF\Screenshots.Library.WPF.csproj", "{601D0754-0EB7-4778-BFC5-6F9BEDEAB0B5}"
EndProject
Project("{FAE04EC0-301F-11D3-BF4B-00C04F79EFBC}") = "Gvas.Library", "Gvas.Library\Gvas.Library.csproj", "{EB99AEB0-76DE-4C43-B7BD-D5F1A0F4849D}"
EndProject
Project("{2150E333-8FDC-42A3-9474-1A3956D46DE8}") = "Solution Items", "Solution Items", "{C80C224F-76E9-47FC-8EA1-BA3AFDCAC35F}"
	ProjectSection(SolutionItems) = preProject
		.editorconfig = .editorconfig
	EndProjectSection
EndProject
Project("{9A19103F-16F7-4668-BE54-9A1E7A4F7556}") = "TreeBuilders.Library.Wpf", "..\RudolfLibraries\TreeBuilders.Library.Wpf\TreeBuilders.Library.Wpf.csproj", "{0FBB407E-2244-49AB-92D2-ED93102DD298}"
EndProject
Project("{9A19103F-16F7-4668-BE54-9A1E7A4F7556}") = "Utilities.Library.Wpf", "..\RudolfLibraries\Utilities.Library.Wpf\Utilities.Library.Wpf.csproj", "{FA36BD88-4037-4B59-99CF-9CEA5EC3788B}"
EndProject
Project("{9A19103F-16F7-4668-BE54-9A1E7A4F7556}") = "Logging.Library.Wpf", "..\RudolfLibraries\Logging.Library.Wpf\Logging.Library.Wpf.csproj", "{033F742C-8571-45F8-B1A8-621371D9E65A}"
EndProject
Global
	GlobalSection(SolutionConfigurationPlatforms) = preSolution
		Debug|Any CPU = Debug|Any CPU
		Release|Any CPU = Release|Any CPU
	EndGlobalSection
	GlobalSection(ProjectConfigurationPlatforms) = postSolution
		{B2FE5230-3D35-49BB-B0EA-A34E54BB983B}.Debug|Any CPU.ActiveCfg = Debug|Any CPU
		{B2FE5230-3D35-49BB-B0EA-A34E54BB983B}.Debug|Any CPU.Build.0 = Debug|Any CPU
		{B2FE5230-3D35-49BB-B0EA-A34E54BB983B}.Release|Any CPU.ActiveCfg = Release|Any CPU
		{B2FE5230-3D35-49BB-B0EA-A34E54BB983B}.Release|Any CPU.Build.0 = Release|Any CPU
		{CED7837C-ED27-4627-9DD4-B2E8E7556203}.Debug|Any CPU.ActiveCfg = Debug|Any CPU
		{CED7837C-ED27-4627-9DD4-B2E8E7556203}.Debug|Any CPU.Build.0 = Debug|Any CPU
		{CED7837C-ED27-4627-9DD4-B2E8E7556203}.Release|Any CPU.ActiveCfg = Release|Any CPU
		{CED7837C-ED27-4627-9DD4-B2E8E7556203}.Release|Any CPU.Build.0 = Release|Any CPU
		{87F7DC88-080D-4A2F-A4F5-27BD79F18D3E}.Debug|Any CPU.ActiveCfg = Debug|Any CPU
		{87F7DC88-080D-4A2F-A4F5-27BD79F18D3E}.Debug|Any CPU.Build.0 = Debug|Any CPU
		{87F7DC88-080D-4A2F-A4F5-27BD79F18D3E}.Release|Any CPU.ActiveCfg = Release|Any CPU
		{87F7DC88-080D-4A2F-A4F5-27BD79F18D3E}.Release|Any CPU.Build.0 = Release|Any CPU
		{26D4BA07-0182-45DA-B6E2-799E5AF85520}.Debug|Any CPU.ActiveCfg = Debug|Any CPU
		{26D4BA07-0182-45DA-B6E2-799E5AF85520}.Debug|Any CPU.Build.0 = Debug|Any CPU
		{26D4BA07-0182-45DA-B6E2-799E5AF85520}.Release|Any CPU.ActiveCfg = Release|Any CPU
		{26D4BA07-0182-45DA-B6E2-799E5AF85520}.Release|Any CPU.Build.0 = Release|Any CPU
		{84ED9EBC-BE74-40F3-AC15-1A2F4AC4A24F}.Debug|Any CPU.ActiveCfg = Debug|Any CPU
		{84ED9EBC-BE74-40F3-AC15-1A2F4AC4A24F}.Debug|Any CPU.Build.0 = Debug|Any CPU
		{84ED9EBC-BE74-40F3-AC15-1A2F4AC4A24F}.Release|Any CPU.ActiveCfg = Release|Any CPU
		{84ED9EBC-BE74-40F3-AC15-1A2F4AC4A24F}.Release|Any CPU.Build.0 = Release|Any CPU
		{F20784D2-694C-438B-A765-A14DFB63EB32}.Debug|Any CPU.ActiveCfg = Debug|Any CPU
		{F20784D2-694C-438B-A765-A14DFB63EB32}.Debug|Any CPU.Build.0 = Debug|Any CPU
		{F20784D2-694C-438B-A765-A14DFB63EB32}.Release|Any CPU.ActiveCfg = Release|Any CPU
		{F20784D2-694C-438B-A765-A14DFB63EB32}.Release|Any CPU.Build.0 = Release|Any CPU
		{8CA047F2-49DD-4AF8-80F4-280F9D3476DF}.Debug|Any CPU.ActiveCfg = Debug|Any CPU
		{8CA047F2-49DD-4AF8-80F4-280F9D3476DF}.Debug|Any CPU.Build.0 = Debug|Any CPU
		{8CA047F2-49DD-4AF8-80F4-280F9D3476DF}.Release|Any CPU.ActiveCfg = Release|Any CPU
		{8CA047F2-49DD-4AF8-80F4-280F9D3476DF}.Release|Any CPU.Build.0 = Release|Any CPU
		{72C617E5-25B9-466F-BF5B-CFDD926D3F63}.Debug|Any CPU.ActiveCfg = Debug|Any CPU
		{72C617E5-25B9-466F-BF5B-CFDD926D3F63}.Debug|Any CPU.Build.0 = Debug|Any CPU
		{72C617E5-25B9-466F-BF5B-CFDD926D3F63}.Release|Any CPU.ActiveCfg = Release|Any CPU
		{72C617E5-25B9-466F-BF5B-CFDD926D3F63}.Release|Any CPU.Build.0 = Release|Any CPU
		{2B6DA609-5186-487A-9FD7-63CFEF99B168}.Debug|Any CPU.ActiveCfg = Debug|Any CPU
		{2B6DA609-5186-487A-9FD7-63CFEF99B168}.Debug|Any CPU.Build.0 = Debug|Any CPU
		{2B6DA609-5186-487A-9FD7-63CFEF99B168}.Release|Any CPU.ActiveCfg = Release|Any CPU
		{2B6DA609-5186-487A-9FD7-63CFEF99B168}.Release|Any CPU.Build.0 = Release|Any CPU
		{6E418E5D-3F8E-4C80-B70A-502A09364748}.Debug|Any CPU.ActiveCfg = Debug|Any CPU
		{6E418E5D-3F8E-4C80-B70A-502A09364748}.Debug|Any CPU.Build.0 = Debug|Any CPU
		{6E418E5D-3F8E-4C80-B70A-502A09364748}.Release|Any CPU.ActiveCfg = Release|Any CPU
		{6E418E5D-3F8E-4C80-B70A-502A09364748}.Release|Any CPU.Build.0 = Release|Any CPU
		{601D0754-0EB7-4778-BFC5-6F9BEDEAB0B5}.Debug|Any CPU.ActiveCfg = Debug|Any CPU
		{601D0754-0EB7-4778-BFC5-6F9BEDEAB0B5}.Debug|Any CPU.Build.0 = Debug|Any CPU
		{601D0754-0EB7-4778-BFC5-6F9BEDEAB0B5}.Release|Any CPU.ActiveCfg = Release|Any CPU
		{601D0754-0EB7-4778-BFC5-6F9BEDEAB0B5}.Release|Any CPU.Build.0 = Release|Any CPU
		{EB99AEB0-76DE-4C43-B7BD-D5F1A0F4849D}.Debug|Any CPU.ActiveCfg = Debug|Any CPU
		{EB99AEB0-76DE-4C43-B7BD-D5F1A0F4849D}.Debug|Any CPU.Build.0 = Debug|Any CPU
		{EB99AEB0-76DE-4C43-B7BD-D5F1A0F4849D}.Release|Any CPU.ActiveCfg = Release|Any CPU
		{EB99AEB0-76DE-4C43-B7BD-D5F1A0F4849D}.Release|Any CPU.Build.0 = Release|Any CPU
		{0FBB407E-2244-49AB-92D2-ED93102DD298}.Debug|Any CPU.ActiveCfg = Debug|Any CPU
		{0FBB407E-2244-49AB-92D2-ED93102DD298}.Debug|Any CPU.Build.0 = Debug|Any CPU
		{0FBB407E-2244-49AB-92D2-ED93102DD298}.Release|Any CPU.ActiveCfg = Release|Any CPU
		{0FBB407E-2244-49AB-92D2-ED93102DD298}.Release|Any CPU.Build.0 = Release|Any CPU
		{FA36BD88-4037-4B59-99CF-9CEA5EC3788B}.Debug|Any CPU.ActiveCfg = Debug|Any CPU
		{FA36BD88-4037-4B59-99CF-9CEA5EC3788B}.Debug|Any CPU.Build.0 = Debug|Any CPU
		{FA36BD88-4037-4B59-99CF-9CEA5EC3788B}.Release|Any CPU.ActiveCfg = Release|Any CPU
		{FA36BD88-4037-4B59-99CF-9CEA5EC3788B}.Release|Any CPU.Build.0 = Release|Any CPU
		{033F742C-8571-45F8-B1A8-621371D9E65A}.Debug|Any CPU.ActiveCfg = Debug|Any CPU
		{033F742C-8571-45F8-B1A8-621371D9E65A}.Debug|Any CPU.Build.0 = Debug|Any CPU
		{033F742C-8571-45F8-B1A8-621371D9E65A}.Release|Any CPU.ActiveCfg = Release|Any CPU
		{033F742C-8571-45F8-B1A8-621371D9E65A}.Release|Any CPU.Build.0 = Release|Any CPU
	EndGlobalSection
	GlobalSection(SolutionProperties) = preSolution
		HideSolutionNode = FALSE
	EndGlobalSection
	GlobalSection(ExtensibilityGlobals) = postSolution
		SolutionGuid = {3A73B28F-3E83-4E50-9376-2A50D3AB6085}
	EndGlobalSection
EndGlobal
